
Microsoft Visual Studio Solution File, Format Version 12.00
# Visual Studio 2012
Project("{FAE04EC0-301F-11D3-BF4B-00C04F79EFBC}") = "MyGym.Data", "MyGym.Data\MyGym.Data.csproj", "{C7147AAF-C2FD-4870-8C67-86372D654B16}"
EndProject
Project("{FAE04EC0-301F-11D3-BF4B-00C04F79EFBC}") = "MyGym.Common", "MyGym.Common\MyGym.Common.csproj", "{D5A495A4-C08F-4F6B-BF18-F8109D5530F2}"
EndProject
Project("{FAE04EC0-301F-11D3-BF4B-00C04F79EFBC}") = "MyGym.Service", "MyGym.Service\MyGym.Service.csproj", "{2FE85DB0-7540-4C66-A6E2-C3458FB43DEC}"
EndProject
Project("{FAE04EC0-301F-11D3-BF4B-00C04F79EFBC}") = "MyGym.Client.Library", "MyGym.Client.Library\MyGym.Client.Library.csproj", "{1FCD0BBB-BD70-42BC-96E1-106932107BA2}"
EndProject
Project("{FAE04EC0-301F-11D3-BF4B-00C04F79EFBC}") = "MyGym.Client.W8", "MyGym.Client.W8\MyGym.Client.W8.csproj", "{6E1FCD3D-E100-4303-8820-D9A378E94958}"
EndProject
Project("{FAE04EC0-301F-11D3-BF4B-00C04F79EFBC}") = "MyGym.Client.WP8", "MyGym.Client.WP8\MyGym.Client.WP8.csproj", "{B64E95CE-D416-40A5-990D-0565BFEFFD1A}"
EndProject
Global
	GlobalSection(SolutionConfigurationPlatforms) = preSolution
		Debug|Any CPU = Debug|Any CPU
		Debug|ARM = Debug|ARM
		Debug|x64 = Debug|x64
		Debug|x86 = Debug|x86
		Release|Any CPU = Release|Any CPU
		Release|ARM = Release|ARM
		Release|x64 = Release|x64
		Release|x86 = Release|x86
	EndGlobalSection
	GlobalSection(ProjectConfigurationPlatforms) = postSolution
		{C7147AAF-C2FD-4870-8C67-86372D654B16}.Debug|Any CPU.ActiveCfg = Debug|Any CPU
		{C7147AAF-C2FD-4870-8C67-86372D654B16}.Debug|Any CPU.Build.0 = Debug|Any CPU
		{C7147AAF-C2FD-4870-8C67-86372D654B16}.Debug|ARM.ActiveCfg = Debug|Any CPU
		{C7147AAF-C2FD-4870-8C67-86372D654B16}.Debug|x64.ActiveCfg = Debug|Any CPU
		{C7147AAF-C2FD-4870-8C67-86372D654B16}.Debug|x86.ActiveCfg = Debug|Any CPU
		{C7147AAF-C2FD-4870-8C67-86372D654B16}.Release|Any CPU.ActiveCfg = Release|Any CPU
		{C7147AAF-C2FD-4870-8C67-86372D654B16}.Release|Any CPU.Build.0 = Release|Any CPU
		{C7147AAF-C2FD-4870-8C67-86372D654B16}.Release|ARM.ActiveCfg = Release|Any CPU
		{C7147AAF-C2FD-4870-8C67-86372D654B16}.Release|x64.ActiveCfg = Release|Any CPU
		{C7147AAF-C2FD-4870-8C67-86372D654B16}.Release|x86.ActiveCfg = Release|Any CPU
		{D5A495A4-C08F-4F6B-BF18-F8109D5530F2}.Debug|Any CPU.ActiveCfg = Debug|Any CPU
		{D5A495A4-C08F-4F6B-BF18-F8109D5530F2}.Debug|Any CPU.Build.0 = Debug|Any CPU
		{D5A495A4-C08F-4F6B-BF18-F8109D5530F2}.Debug|ARM.ActiveCfg = Debug|Any CPU
		{D5A495A4-C08F-4F6B-BF18-F8109D5530F2}.Debug|x64.ActiveCfg = Debug|Any CPU
		{D5A495A4-C08F-4F6B-BF18-F8109D5530F2}.Debug|x86.ActiveCfg = Debug|Any CPU
		{D5A495A4-C08F-4F6B-BF18-F8109D5530F2}.Release|Any CPU.ActiveCfg = Release|Any CPU
		{D5A495A4-C08F-4F6B-BF18-F8109D5530F2}.Release|Any CPU.Build.0 = Release|Any CPU
		{D5A495A4-C08F-4F6B-BF18-F8109D5530F2}.Release|ARM.ActiveCfg = Release|Any CPU
		{D5A495A4-C08F-4F6B-BF18-F8109D5530F2}.Release|x64.ActiveCfg = Release|Any CPU
		{D5A495A4-C08F-4F6B-BF18-F8109D5530F2}.Release|x86.ActiveCfg = Release|Any CPU
		{2FE85DB0-7540-4C66-A6E2-C3458FB43DEC}.Debug|Any CPU.ActiveCfg = Debug|Any CPU
		{2FE85DB0-7540-4C66-A6E2-C3458FB43DEC}.Debug|Any CPU.Build.0 = Debug|Any CPU
		{2FE85DB0-7540-4C66-A6E2-C3458FB43DEC}.Debug|ARM.ActiveCfg = Debug|Any CPU
		{2FE85DB0-7540-4C66-A6E2-C3458FB43DEC}.Debug|x64.ActiveCfg = Debug|Any CPU
		{2FE85DB0-7540-4C66-A6E2-C3458FB43DEC}.Debug|x86.ActiveCfg = Debug|Any CPU
		{2FE85DB0-7540-4C66-A6E2-C3458FB43DEC}.Release|Any CPU.ActiveCfg = Release|Any CPU
		{2FE85DB0-7540-4C66-A6E2-C3458FB43DEC}.Release|Any CPU.Build.0 = Release|Any CPU
		{2FE85DB0-7540-4C66-A6E2-C3458FB43DEC}.Release|ARM.ActiveCfg = Release|Any CPU
		{2FE85DB0-7540-4C66-A6E2-C3458FB43DEC}.Release|x64.ActiveCfg = Release|Any CPU
		{2FE85DB0-7540-4C66-A6E2-C3458FB43DEC}.Release|x86.ActiveCfg = Release|Any CPU
		{1FCD0BBB-BD70-42BC-96E1-106932107BA2}.Debug|Any CPU.ActiveCfg = Debug|Any CPU
		{1FCD0BBB-BD70-42BC-96E1-106932107BA2}.Debug|Any CPU.Build.0 = Debug|Any CPU
		{1FCD0BBB-BD70-42BC-96E1-106932107BA2}.Debug|ARM.ActiveCfg = Debug|Any CPU
		{1FCD0BBB-BD70-42BC-96E1-106932107BA2}.Debug|x64.ActiveCfg = Debug|Any CPU
		{1FCD0BBB-BD70-42BC-96E1-106932107BA2}.Debug|x86.ActiveCfg = Debug|Any CPU
		{1FCD0BBB-BD70-42BC-96E1-106932107BA2}.Release|Any CPU.ActiveCfg = Release|Any CPU
		{1FCD0BBB-BD70-42BC-96E1-106932107BA2}.Release|Any CPU.Build.0 = Release|Any CPU
		{1FCD0BBB-BD70-42BC-96E1-106932107BA2}.Release|ARM.ActiveCfg = Release|Any CPU
		{1FCD0BBB-BD70-42BC-96E1-106932107BA2}.Release|x64.ActiveCfg = Release|Any CPU
		{1FCD0BBB-BD70-42BC-96E1-106932107BA2}.Release|x86.ActiveCfg = Release|Any CPU
		{6E1FCD3D-E100-4303-8820-D9A378E94958}.Debug|Any CPU.ActiveCfg = Debug|Any CPU
		{6E1FCD3D-E100-4303-8820-D9A378E94958}.Debug|Any CPU.Build.0 = Debug|Any CPU
		{6E1FCD3D-E100-4303-8820-D9A378E94958}.Debug|Any CPU.Deploy.0 = Debug|Any CPU
		{6E1FCD3D-E100-4303-8820-D9A378E94958}.Debug|ARM.ActiveCfg = Debug|ARM
		{6E1FCD3D-E100-4303-8820-D9A378E94958}.Debug|ARM.Build.0 = Debug|ARM
		{6E1FCD3D-E100-4303-8820-D9A378E94958}.Debug|ARM.Deploy.0 = Debug|ARM
		{6E1FCD3D-E100-4303-8820-D9A378E94958}.Debug|x64.ActiveCfg = Debug|x64
		{6E1FCD3D-E100-4303-8820-D9A378E94958}.Debug|x64.Build.0 = Debug|x64
		{6E1FCD3D-E100-4303-8820-D9A378E94958}.Debug|x64.Deploy.0 = Debug|x64
		{6E1FCD3D-E100-4303-8820-D9A378E94958}.Debug|x86.ActiveCfg = Debug|x86
		{6E1FCD3D-E100-4303-8820-D9A378E94958}.Debug|x86.Build.0 = Debug|x86
		{6E1FCD3D-E100-4303-8820-D9A378E94958}.Debug|x86.Deploy.0 = Debug|x86
		{6E1FCD3D-E100-4303-8820-D9A378E94958}.Release|Any CPU.ActiveCfg = Release|Any CPU
		{6E1FCD3D-E100-4303-8820-D9A378E94958}.Release|Any CPU.Build.0 = Release|Any CPU
		{6E1FCD3D-E100-4303-8820-D9A378E94958}.Release|Any CPU.Deploy.0 = Release|Any CPU
		{6E1FCD3D-E100-4303-8820-D9A378E94958}.Release|ARM.ActiveCfg = Release|ARM
		{6E1FCD3D-E100-4303-8820-D9A378E94958}.Release|ARM.Build.0 = Release|ARM
		{6E1FCD3D-E100-4303-8820-D9A378E94958}.Release|ARM.Deploy.0 = Release|ARM
		{6E1FCD3D-E100-4303-8820-D9A378E94958}.Release|x64.ActiveCfg = Release|x64
		{6E1FCD3D-E100-4303-8820-D9A378E94958}.Release|x64.Build.0 = Release|x64
		{6E1FCD3D-E100-4303-8820-D9A378E94958}.Release|x64.Deploy.0 = Release|x64
		{6E1FCD3D-E100-4303-8820-D9A378E94958}.Release|x86.ActiveCfg = Release|x86
		{6E1FCD3D-E100-4303-8820-D9A378E94958}.Release|x86.Build.0 = Release|x86
		{6E1FCD3D-E100-4303-8820-D9A378E94958}.Release|x86.Deploy.0 = Release|x86
		{B64E95CE-D416-40A5-990D-0565BFEFFD1A}.Debug|Any CPU.ActiveCfg = Debug|Any CPU
		{B64E95CE-D416-40A5-990D-0565BFEFFD1A}.Debug|Any CPU.Build.0 = Debug|Any CPU
		{B64E95CE-D416-40A5-990D-0565BFEFFD1A}.Debug|Any CPU.Deploy.0 = Debug|Any CPU
		{B64E95CE-D416-40A5-990D-0565BFEFFD1A}.Debug|ARM.ActiveCfg = Debug|ARM
		{B64E95CE-D416-40A5-990D-0565BFEFFD1A}.Debug|ARM.Build.0 = Debug|ARM
		{B64E95CE-D416-40A5-990D-0565BFEFFD1A}.Debug|ARM.Deploy.0 = Debug|ARM
		{B64E95CE-D416-40A5-990D-0565BFEFFD1A}.Debug|x64.ActiveCfg = Debug|Any CPU
		{B64E95CE-D416-40A5-990D-0565BFEFFD1A}.Debug|x86.ActiveCfg = Debug|x86
		{B64E95CE-D416-40A5-990D-0565BFEFFD1A}.Debug|x86.Build.0 = Debug|x86
		{B64E95CE-D416-40A5-990D-0565BFEFFD1A}.Debug|x86.Deploy.0 = Debug|x86
		{B64E95CE-D416-40A5-990D-0565BFEFFD1A}.Release|Any CPU.ActiveCfg = Release|Any CPU
		{B64E95CE-D416-40A5-990D-0565BFEFFD1A}.Release|Any CPU.Build.0 = Release|Any CPU
		{B64E95CE-D416-40A5-990D-0565BFEFFD1A}.Release|Any CPU.Deploy.0 = Release|Any CPU
		{B64E95CE-D416-40A5-990D-0565BFEFFD1A}.Release|ARM.ActiveCfg = Release|ARM
		{B64E95CE-D416-40A5-990D-0565BFEFFD1A}.Release|ARM.Build.0 = Release|ARM
		{B64E95CE-D416-40A5-990D-0565BFEFFD1A}.Release|ARM.Deploy.0 = Release|ARM
		{B64E95CE-D416-40A5-990D-0565BFEFFD1A}.Release|x64.ActiveCfg = Release|Any CPU
		{B64E95CE-D416-40A5-990D-0565BFEFFD1A}.Release|x86.ActiveCfg = Release|x86
		{B64E95CE-D416-40A5-990D-0565BFEFFD1A}.Release|x86.Build.0 = Release|x86
		{B64E95CE-D416-40A5-990D-0565BFEFFD1A}.Release|x86.Deploy.0 = Release|x86
	EndGlobalSection
	GlobalSection(SolutionProperties) = preSolution
		HideSolutionNode = FALSE
	EndGlobalSection
EndGlobal
